
Microsoft Visual Studio Solution File, Format Version 12.00
# Visual Studio Version 17
VisualStudioVersion = 17.1.32407.343
MinimumVisualStudioVersion = 10.0.40219.1
Project("{FAE04EC0-301F-11D3-BF4B-00C04F79EFBC}") = "TripXMLTools", "TripXMLTools\TripXMLTools.csproj", "{B362F5BF-5F86-4997-9EF4-067C8E3DB74E}"
EndProject
Project("{F184B08F-C81C-45F6-A57F-5ABD9991F28F}") = "wsTripXML", "wsTripXML\wsTripXML.vbproj", "{4DEF104C-48CF-45F9-8112-7045E77E22F0}"
EndProject
Project("{2150E333-8FDC-42A3-9474-1A3956D46DE8}") = "GDS", "GDS", "{936BCB63-12A8-4FDF-90F9-D0B72DEB54B0}"
EndProject
Project("{FAE04EC0-301F-11D3-BF4B-00C04F79EFBC}") = "AmadeusWS", "Amadeus\AmadeusWS.csproj", "{DEB7AA8C-6EFF-4085-AF1C-55DFC4A13083}"
EndProject
Project("{FAE04EC0-301F-11D3-BF4B-00C04F79EFBC}") = "Galileo", "Galileo\Galileo.csproj", "{E7D7BBB7-E6F5-04BF-3E34-F99A5351E8E1}"
EndProject
Project("{FAE04EC0-301F-11D3-BF4B-00C04F79EFBC}") = "Sabre", "Sabre\Sabre.csproj", "{E7280D0F-FDEF-0ECA-020A-4183F59428C1}"
EndProject
Project("{FAE04EC0-301F-11D3-BF4B-00C04F79EFBC}") = "TravelPort", "TravelPort\TravelPort.csproj", "{0C66B5E2-1E92-471A-A5FB-C83C241E4CE4}"
EndProject
Project("{2150E333-8FDC-42A3-9474-1A3956D46DE8}") = "XSLs", "XSLs", "{021966A9-640B-4DB7-8516-A78BD974CE8B}"
EndProject
Project("{FAE04EC0-301F-11D3-BF4B-00C04F79EFBC}") = "CompressionExtension", "CompressionExtension\CompressionExtension.csproj", "{68166A57-F20D-4620-A7EF-E65F2326ED7F}"
EndProject
Project("{FAE04EC0-301F-11D3-BF4B-00C04F79EFBC}") = "Worldspan", "Worldspan\Worldspan.csproj", "{08B45E83-8921-0869-3FB1-53ED81167882}"
EndProject
Project("{FAE04EC0-301F-11D3-BF4B-00C04F79EFBC}") = "TripXMLMain", "TripXMLMain\TripXMLMain.csproj", "{C9D99008-6B09-0FB3-2941-AC1BB23825FA}"
EndProject
Project("{2150E333-8FDC-42A3-9474-1A3956D46DE8}") = "AmadeusWS", "AmadeusWS", "{906B7BE8-045E-4D95-93E9-7D9DA9C744A1}"
	ProjectSection(SolutionItems) = preProject
		XSLs\AmadeusWS\AmadeusWS.bat = XSLs\AmadeusWS\AmadeusWS.bat
		XSLs\AmadeusWS\AmadeusWS_AirAvailRQ.xsl = XSLs\AmadeusWS\AmadeusWS_AirAvailRQ.xsl
		XSLs\AmadeusWS\AmadeusWS_AirAvailRQ1.xsl = XSLs\AmadeusWS\AmadeusWS_AirAvailRQ1.xsl
		XSLs\AmadeusWS\AmadeusWS_AirAvailRS.xsl = XSLs\AmadeusWS\AmadeusWS_AirAvailRS.xsl
		XSLs\AmadeusWS\AmadeusWS_AirFlifoRQ.xsl = XSLs\AmadeusWS\AmadeusWS_AirFlifoRQ.xsl
		XSLs\AmadeusWS\AmadeusWS_AirFlifoRS.xsl = XSLs\AmadeusWS\AmadeusWS_AirFlifoRS.xsl
		XSLs\AmadeusWS\AmadeusWS_AirPrice1RS.xsl = XSLs\AmadeusWS\AmadeusWS_AirPrice1RS.xsl
		XSLs\AmadeusWS\AmadeusWS_AirPrice2RS.xsl = XSLs\AmadeusWS\AmadeusWS_AirPrice2RS.xsl
		XSLs\AmadeusWS\AmadeusWS_AirPriceATRQ.xsl = XSLs\AmadeusWS\AmadeusWS_AirPriceATRQ.xsl
		XSLs\AmadeusWS\AmadeusWS_AirPriceATRS.xsl = XSLs\AmadeusWS\AmadeusWS_AirPriceATRS.xsl
		XSLs\AmadeusWS\AmadeusWS_AirPriceRQ.xsl = XSLs\AmadeusWS\AmadeusWS_AirPriceRQ.xsl
		XSLs\AmadeusWS\AmadeusWS_AirPriceRS.xsl = XSLs\AmadeusWS\AmadeusWS_AirPriceRS.xsl
		XSLs\AmadeusWS\AmadeusWS_AirRulesRQ.xsl = XSLs\AmadeusWS\AmadeusWS_AirRulesRQ.xsl
		XSLs\AmadeusWS\AmadeusWS_AirRulesRS.xsl = XSLs\AmadeusWS\AmadeusWS_AirRulesRS.xsl
		XSLs\AmadeusWS\AmadeusWS_AirScheduleRQ.xsl = XSLs\AmadeusWS\AmadeusWS_AirScheduleRQ.xsl
		XSLs\AmadeusWS\AmadeusWS_AirScheduleRS.xsl = XSLs\AmadeusWS\AmadeusWS_AirScheduleRS.xsl
		XSLs\AmadeusWS\AmadeusWS_AirSeatMapRQ.xsl = XSLs\AmadeusWS\AmadeusWS_AirSeatMapRQ.xsl
		XSLs\AmadeusWS\AmadeusWS_AirSeatMapRS.xsl = XSLs\AmadeusWS\AmadeusWS_AirSeatMapRS.xsl
		XSLs\AmadeusWS\AmadeusWS_CancelVirtualCardLoadRQ.xsl = XSLs\AmadeusWS\AmadeusWS_CancelVirtualCardLoadRQ.xsl
		XSLs\AmadeusWS\AmadeusWS_CancelVirtualCardLoadRS.xsl = XSLs\AmadeusWS\AmadeusWS_CancelVirtualCardLoadRS.xsl
		XSLs\AmadeusWS\AmadeusWS_CarAvailRQ.xsl = XSLs\AmadeusWS\AmadeusWS_CarAvailRQ.xsl
		XSLs\AmadeusWS\AmadeusWS_CarAvailRS.xsl = XSLs\AmadeusWS\AmadeusWS_CarAvailRS.xsl
		XSLs\AmadeusWS\AmadeusWS_CarInfoRQ.xsl = XSLs\AmadeusWS\AmadeusWS_CarInfoRQ.xsl
		XSLs\AmadeusWS\AmadeusWS_CarInfoRS.xsl = XSLs\AmadeusWS\AmadeusWS_CarInfoRS.xsl
		XSLs\AmadeusWS\AmadeusWS_CarListRQ.xsl = XSLs\AmadeusWS\AmadeusWS_CarListRQ.xsl
		XSLs\AmadeusWS\AmadeusWS_CarListRS.xsl = XSLs\AmadeusWS\AmadeusWS_CarListRS.xsl
		XSLs\AmadeusWS\AmadeusWS_CarRulesRQ.xsl = XSLs\AmadeusWS\AmadeusWS_CarRulesRQ.xsl
		XSLs\AmadeusWS\AmadeusWS_CarRulesRS.xsl = XSLs\AmadeusWS\AmadeusWS_CarRulesRS.xsl
		XSLs\AmadeusWS\AmadeusWS_CCValidRQ.xsl = XSLs\AmadeusWS\AmadeusWS_CCValidRQ.xsl
		XSLs\AmadeusWS\AmadeusWS_CCValidRS.xsl = XSLs\AmadeusWS\AmadeusWS_CCValidRS.xsl
		XSLs\AmadeusWS\AmadeusWS_CreateWSDLSchema.xsl = XSLs\AmadeusWS\AmadeusWS_CreateWSDLSchema.xsl
		XSLs\AmadeusWS\AmadeusWS_CruiseCabinAvailRQ.xsl = XSLs\AmadeusWS\AmadeusWS_CruiseCabinAvailRQ.xsl
		XSLs\AmadeusWS\AmadeusWS_CruiseCabinAvailRS.xsl = XSLs\AmadeusWS\AmadeusWS_CruiseCabinAvailRS.xsl
		XSLs\AmadeusWS\AmadeusWS_CruiseCabinHoldRQ.xsl = XSLs\AmadeusWS\AmadeusWS_CruiseCabinHoldRQ.xsl
		XSLs\AmadeusWS\AmadeusWS_CruiseCabinHoldRS.xsl = XSLs\AmadeusWS\AmadeusWS_CruiseCabinHoldRS.xsl
		XSLs\AmadeusWS\AmadeusWS_CruiseCabinUnHoldRQ.xsl = XSLs\AmadeusWS\AmadeusWS_CruiseCabinUnHoldRQ.xsl
		XSLs\AmadeusWS\AmadeusWS_CruiseCabinUnHoldRS.xsl = XSLs\AmadeusWS\AmadeusWS_CruiseCabinUnHoldRS.xsl
		XSLs\AmadeusWS\AmadeusWS_CruiseCancelRQ.xsl = XSLs\AmadeusWS\AmadeusWS_CruiseCancelRQ.xsl
		XSLs\AmadeusWS\AmadeusWS_CruiseCancelRS.xsl = XSLs\AmadeusWS\AmadeusWS_CruiseCancelRS.xsl
		XSLs\AmadeusWS\AmadeusWS_CruiseCategoryAvailRQ.xsl = XSLs\AmadeusWS\AmadeusWS_CruiseCategoryAvailRQ.xsl
		XSLs\AmadeusWS\AmadeusWS_CruiseCategoryAvailRS.xsl = XSLs\AmadeusWS\AmadeusWS_CruiseCategoryAvailRS.xsl
		XSLs\AmadeusWS\AmadeusWS_CruiseCreateBookingRQ.xsl = XSLs\AmadeusWS\AmadeusWS_CruiseCreateBookingRQ.xsl
		XSLs\AmadeusWS\AmadeusWS_CruiseCreateBookingRS.xsl = XSLs\AmadeusWS\AmadeusWS_CruiseCreateBookingRS.xsl
		XSLs\AmadeusWS\AmadeusWS_CruiseFareAvailRQ.xsl = XSLs\AmadeusWS\AmadeusWS_CruiseFareAvailRQ.xsl
		XSLs\AmadeusWS\AmadeusWS_CruiseFareAvailRS.xsl = XSLs\AmadeusWS\AmadeusWS_CruiseFareAvailRS.xsl
		XSLs\AmadeusWS\AmadeusWS_CruiseItineraryDescRQ.xsl = XSLs\AmadeusWS\AmadeusWS_CruiseItineraryDescRQ.xsl
		XSLs\AmadeusWS\AmadeusWS_CruiseItineraryDescRS.xsl = XSLs\AmadeusWS\AmadeusWS_CruiseItineraryDescRS.xsl
		XSLs\AmadeusWS\AmadeusWS_CruiseModifyBookingRQ.xsl = XSLs\AmadeusWS\AmadeusWS_CruiseModifyBookingRQ.xsl
		XSLs\AmadeusWS\AmadeusWS_CruisePackageAvailRQ.xsl = XSLs\AmadeusWS\AmadeusWS_CruisePackageAvailRQ.xsl
		XSLs\AmadeusWS\AmadeusWS_CruisePackageAvailRS.xsl = XSLs\AmadeusWS\AmadeusWS_CruisePackageAvailRS.xsl
		XSLs\AmadeusWS\AmadeusWS_CruisePackageDescRQ.xsl = XSLs\AmadeusWS\AmadeusWS_CruisePackageDescRQ.xsl
		XSLs\AmadeusWS\AmadeusWS_CruisePackageDescRS.xsl = XSLs\AmadeusWS\AmadeusWS_CruisePackageDescRS.xsl
		XSLs\AmadeusWS\AmadeusWS_CruisePriceBookingRQ.xsl = XSLs\AmadeusWS\AmadeusWS_CruisePriceBookingRQ.xsl
		XSLs\AmadeusWS\AmadeusWS_CruisePriceBookingRQ1.xsl = XSLs\AmadeusWS\AmadeusWS_CruisePriceBookingRQ1.xsl
		XSLs\AmadeusWS\AmadeusWS_CruisePriceBookingRS.xsl = XSLs\AmadeusWS\AmadeusWS_CruisePriceBookingRS.xsl
		XSLs\AmadeusWS\AmadeusWS_CruiseReadRQ.xsl = XSLs\AmadeusWS\AmadeusWS_CruiseReadRQ.xsl
		XSLs\AmadeusWS\AmadeusWS_CruiseReadRS.xsl = XSLs\AmadeusWS\AmadeusWS_CruiseReadRS.xsl
		XSLs\AmadeusWS\AmadeusWS_CruiseSailAvailRQ.xsl = XSLs\AmadeusWS\AmadeusWS_CruiseSailAvailRQ.xsl
		XSLs\AmadeusWS\AmadeusWS_CruiseSailAvailRS.xsl = XSLs\AmadeusWS\AmadeusWS_CruiseSailAvailRS.xsl
		XSLs\AmadeusWS\AmadeusWS_CruiseTransferAvailRQ.xsl = XSLs\AmadeusWS\AmadeusWS_CruiseTransferAvailRQ.xsl
		XSLs\AmadeusWS\AmadeusWS_CruiseTransferAvailRS.xsl = XSLs\AmadeusWS\AmadeusWS_CruiseTransferAvailRS.xsl
		XSLs\AmadeusWS\AmadeusWS_CrypticRQ.xsl = XSLs\AmadeusWS\AmadeusWS_CrypticRQ.xsl
		XSLs\AmadeusWS\AmadeusWS_CrypticRS.xsl = XSLs\AmadeusWS\AmadeusWS_CrypticRS.xsl
		XSLs\AmadeusWS\AmadeusWS_CurConvRQ.xsl = XSLs\AmadeusWS\AmadeusWS_CurConvRQ.xsl
		XSLs\AmadeusWS\AmadeusWS_CurConvRS.xsl = XSLs\AmadeusWS\AmadeusWS_CurConvRS.xsl
		XSLs\AmadeusWS\AmadeusWS_DeleteVirtualCardRQ.xsl = XSLs\AmadeusWS\AmadeusWS_DeleteVirtualCardRQ.xsl
		XSLs\AmadeusWS\AmadeusWS_DeleteVirtualCardRS.xsl = XSLs\AmadeusWS\AmadeusWS_DeleteVirtualCardRS.xsl
		XSLs\AmadeusWS\AmadeusWS_DisplayTicketRQ.xsl = XSLs\AmadeusWS\AmadeusWS_DisplayTicketRQ.xsl
		XSLs\AmadeusWS\AmadeusWS_FareDisplayRQ.xsl = XSLs\AmadeusWS\AmadeusWS_FareDisplayRQ.xsl
		XSLs\AmadeusWS\AmadeusWS_FareDisplayRS.xsl = XSLs\AmadeusWS\AmadeusWS_FareDisplayRS.xsl
		XSLs\AmadeusWS\AmadeusWS_FareInfoRQ.xsl = XSLs\AmadeusWS\AmadeusWS_FareInfoRQ.xsl
		XSLs\AmadeusWS\AmadeusWS_FareInfoRS.xsl = XSLs\AmadeusWS\AmadeusWS_FareInfoRS.xsl
		XSLs\AmadeusWS\AmadeusWS_GenerateVirtualCardRQ.xsl = XSLs\AmadeusWS\AmadeusWS_GenerateVirtualCardRQ.xsl
		XSLs\AmadeusWS\AmadeusWS_GenerateVirtualCardRS.xsl = XSLs\AmadeusWS\AmadeusWS_GenerateVirtualCardRS.xsl
		XSLs\AmadeusWS\AmadeusWS_GetVirtualCardDetailsRQ.xsl = XSLs\AmadeusWS\AmadeusWS_GetVirtualCardDetailsRQ.xsl
		XSLs\AmadeusWS\AmadeusWS_GetVirtualCardDetailsRS.xsl = XSLs\AmadeusWS\AmadeusWS_GetVirtualCardDetailsRS.xsl
		XSLs\AmadeusWS\AmadeusWS_HotelAvail_FeaturesRS.xsl = XSLs\AmadeusWS\AmadeusWS_HotelAvail_FeaturesRS.xsl
		XSLs\AmadeusWS\AmadeusWS_HotelAvailRQ.xsl = XSLs\AmadeusWS\AmadeusWS_HotelAvailRQ.xsl
		XSLs\AmadeusWS\AmadeusWS_HotelAvailRS.xsl = XSLs\AmadeusWS\AmadeusWS_HotelAvailRS.xsl
		XSLs\AmadeusWS\AmadeusWS_HotelInfo1RQ.xsl = XSLs\AmadeusWS\AmadeusWS_HotelInfo1RQ.xsl
		XSLs\AmadeusWS\AmadeusWS_HotelInfoRQ.xsl = XSLs\AmadeusWS\AmadeusWS_HotelInfoRQ.xsl
		XSLs\AmadeusWS\AmadeusWS_HotelInfoRS.xsl = XSLs\AmadeusWS\AmadeusWS_HotelInfoRS.xsl
		XSLs\AmadeusWS\AmadeusWS_HotelSearchRQ.xsl = XSLs\AmadeusWS\AmadeusWS_HotelSearchRQ.xsl
		XSLs\AmadeusWS\AmadeusWS_HotelSearchRS.xsl = XSLs\AmadeusWS\AmadeusWS_HotelSearchRS.xsl
		XSLs\AmadeusWS\AmadeusWS_IssueTicketRQ.xsl = XSLs\AmadeusWS\AmadeusWS_IssueTicketRQ.xsl
		XSLs\AmadeusWS\AmadeusWS_IssueTicketRS.xsl = XSLs\AmadeusWS\AmadeusWS_IssueTicketRS.xsl
		XSLs\AmadeusWS\AmadeusWS_IssueTicketSessionedRQ.xsl = XSLs\AmadeusWS\AmadeusWS_IssueTicketSessionedRQ.xsl
		XSLs\AmadeusWS\AmadeusWS_IssueTicketSessionedRS.xsl = XSLs\AmadeusWS\AmadeusWS_IssueTicketSessionedRS.xsl
		XSLs\AmadeusWS\AmadeusWS_ListVirtualCardsRQ.xsl = XSLs\AmadeusWS\AmadeusWS_ListVirtualCardsRQ.xsl
		XSLs\AmadeusWS\AmadeusWS_ListVirtualCardsRS.xsl = XSLs\AmadeusWS\AmadeusWS_ListVirtualCardsRS.xsl
		XSLs\AmadeusWS\AmadeusWS_LowFare1RS.xsl = XSLs\AmadeusWS\AmadeusWS_LowFare1RS.xsl
		XSLs\AmadeusWS\AmadeusWS_LowFare2RS.xsl = XSLs\AmadeusWS\AmadeusWS_LowFare2RS.xsl
		XSLs\AmadeusWS\AmadeusWS_LowFareFlights1RQ.xsl = XSLs\AmadeusWS\AmadeusWS_LowFareFlights1RQ.xsl
		XSLs\AmadeusWS\AmadeusWS_LowFareFlights1RS.xsl = XSLs\AmadeusWS\AmadeusWS_LowFareFlights1RS.xsl
		XSLs\AmadeusWS\AmadeusWS_LowFareFlights2RQ.xsl = XSLs\AmadeusWS\AmadeusWS_LowFareFlights2RQ.xsl
		XSLs\AmadeusWS\AmadeusWS_LowFareFlights3RS.xsl = XSLs\AmadeusWS\AmadeusWS_LowFareFlights3RS.xsl
		XSLs\AmadeusWS\AmadeusWS_LowFareFlightsRQ.xsl = XSLs\AmadeusWS\AmadeusWS_LowFareFlightsRQ.xsl
		XSLs\AmadeusWS\AmadeusWS_LowFareFlightsRS.xsl = XSLs\AmadeusWS\AmadeusWS_LowFareFlightsRS.xsl
		XSLs\AmadeusWS\AmadeusWS_LowFareMatrix1RS.xsl = XSLs\AmadeusWS\AmadeusWS_LowFareMatrix1RS.xsl
		XSLs\AmadeusWS\AmadeusWS_LowFareMatrix2RS.xsl = XSLs\AmadeusWS\AmadeusWS_LowFareMatrix2RS.xsl
		XSLs\AmadeusWS\AmadeusWS_LowFareMatrixRQ.xsl = XSLs\AmadeusWS\AmadeusWS_LowFareMatrixRQ.xsl
		XSLs\AmadeusWS\AmadeusWS_LowFarePlus1RS.xsl = XSLs\AmadeusWS\AmadeusWS_LowFarePlus1RS.xsl
		XSLs\AmadeusWS\AmadeusWS_LowFarePlus2RS.xsl = XSLs\AmadeusWS\AmadeusWS_LowFarePlus2RS.xsl
		XSLs\AmadeusWS\AmadeusWS_LowFarePlusRQ.xsl = XSLs\AmadeusWS\AmadeusWS_LowFarePlusRQ.xsl
		XSLs\AmadeusWS\AmadeusWS_LowFareRQ.xsl = XSLs\AmadeusWS\AmadeusWS_LowFareRQ.xsl
		XSLs\AmadeusWS\AmadeusWS_LowFareScheduleRQ.xsl = XSLs\AmadeusWS\AmadeusWS_LowFareScheduleRQ.xsl
		XSLs\AmadeusWS\AmadeusWS_LowFareScheduleRS.xsl = XSLs\AmadeusWS\AmadeusWS_LowFareScheduleRS.xsl
		XSLs\AmadeusWS\AmadeusWS_LowOfferMatrix1RS.xsl = XSLs\AmadeusWS\AmadeusWS_LowOfferMatrix1RS.xsl
		XSLs\AmadeusWS\AmadeusWS_LowOfferMatrix2RS.xsl = XSLs\AmadeusWS\AmadeusWS_LowOfferMatrix2RS.xsl
		XSLs\AmadeusWS\AmadeusWS_LowOfferMatrixRQ.xsl = XSLs\AmadeusWS\AmadeusWS_LowOfferMatrixRQ.xsl
		XSLs\AmadeusWS\AmadeusWS_LowOfferSearch1RS.xsl = XSLs\AmadeusWS\AmadeusWS_LowOfferSearch1RS.xsl
		XSLs\AmadeusWS\AmadeusWS_LowOfferSearch2RS.xsl = XSLs\AmadeusWS\AmadeusWS_LowOfferSearch2RS.xsl
		XSLs\AmadeusWS\AmadeusWS_LowOfferSearchRQ.xsl = XSLs\AmadeusWS\AmadeusWS_LowOfferSearchRQ.xsl
		XSLs\AmadeusWS\AmadeusWS_PNRCancelRQ.xsl = XSLs\AmadeusWS\AmadeusWS_PNRCancelRQ.xsl
		XSLs\AmadeusWS\AmadeusWS_PNRCancelRS.xsl = XSLs\AmadeusWS\AmadeusWS_PNRCancelRS.xsl
		XSLs\AmadeusWS\AmadeusWS_PNREndRQ.xsl = XSLs\AmadeusWS\AmadeusWS_PNREndRQ.xsl
		XSLs\AmadeusWS\AmadeusWS_PNRReadRQ.xsl = XSLs\AmadeusWS\AmadeusWS_PNRReadRQ.xsl
		XSLs\AmadeusWS\AmadeusWS_PNRReadRS.xsl = XSLs\AmadeusWS\AmadeusWS_PNRReadRS.xsl
		XSLs\AmadeusWS\AmadeusWS_PNRReadRS_FlightInfo.xsl = XSLs\AmadeusWS\AmadeusWS_PNRReadRS_FlightInfo.xsl
		XSLs\AmadeusWS\AmadeusWS_PNRReadRS_Rules.xsl = XSLs\AmadeusWS\AmadeusWS_PNRReadRS_Rules.xsl
		XSLs\AmadeusWS\AmadeusWS_PNRRepriceRQ.xsl = XSLs\AmadeusWS\AmadeusWS_PNRRepriceRQ.xsl
		XSLs\AmadeusWS\AmadeusWS_PNRRepriceRS.xsl = XSLs\AmadeusWS\AmadeusWS_PNRRepriceRS.xsl
		XSLs\AmadeusWS\AmadeusWS_PNRSplitRQ.xsl = XSLs\AmadeusWS\AmadeusWS_PNRSplitRQ.xsl
		XSLs\AmadeusWS\AmadeusWS_QueueReadRQ.xsl = XSLs\AmadeusWS\AmadeusWS_QueueReadRQ.xsl
		XSLs\AmadeusWS\AmadeusWS_QueueReadRS.xsl = XSLs\AmadeusWS\AmadeusWS_QueueReadRS.xsl
		XSLs\AmadeusWS\AmadeusWS_QueueRQ.xsl = XSLs\AmadeusWS\AmadeusWS_QueueRQ.xsl
		XSLs\AmadeusWS\AmadeusWS_QueueRS.xsl = XSLs\AmadeusWS\AmadeusWS_QueueRS.xsl
		XSLs\AmadeusWS\AmadeusWS_RefundTicketRQ.xsl = XSLs\AmadeusWS\AmadeusWS_RefundTicketRQ.xsl
		XSLs\AmadeusWS\AmadeusWS_RefundTicketRS.xsl = XSLs\AmadeusWS\AmadeusWS_RefundTicketRS.xsl
		XSLs\AmadeusWS\AmadeusWS_ReIssueTicketRQ.xsl = XSLs\AmadeusWS\AmadeusWS_ReIssueTicketRQ.xsl
		XSLs\AmadeusWS\AmadeusWS_SalesReportRQ.xsl = XSLs\AmadeusWS\AmadeusWS_SalesReportRQ.xsl
		XSLs\AmadeusWS\AmadeusWS_SalesReportRS.xsl = XSLs\AmadeusWS\AmadeusWS_SalesReportRS.xsl
		XSLs\AmadeusWS\AmadeusWS_SearchNameRQ.xsl = XSLs\AmadeusWS\AmadeusWS_SearchNameRQ.xsl
		XSLs\AmadeusWS\AmadeusWS_SearchNameRS.xsl = XSLs\AmadeusWS\AmadeusWS_SearchNameRS.xsl
		XSLs\AmadeusWS\AmadeusWS_ShowMileageRQ.xsl = XSLs\AmadeusWS\AmadeusWS_ShowMileageRQ.xsl
		XSLs\AmadeusWS\AmadeusWS_ShowMileageRS.xsl = XSLs\AmadeusWS\AmadeusWS_ShowMileageRS.xsl
		XSLs\AmadeusWS\AmadeusWS_StoredFareBuildRQ.xsl = XSLs\AmadeusWS\AmadeusWS_StoredFareBuildRQ.xsl
		XSLs\AmadeusWS\AmadeusWS_StoredFareBuildRS.xsl = XSLs\AmadeusWS\AmadeusWS_StoredFareBuildRS.xsl
		XSLs\AmadeusWS\AmadeusWS_StoredFareUpdateRQ.xsl = XSLs\AmadeusWS\AmadeusWS_StoredFareUpdateRQ.xsl
		XSLs\AmadeusWS\AmadeusWS_StoredFareUpdateRS.xsl = XSLs\AmadeusWS\AmadeusWS_StoredFareUpdateRS.xsl
		XSLs\AmadeusWS\AmadeusWS_TB_Errors.xsl = XSLs\AmadeusWS\AmadeusWS_TB_Errors.xsl
		XSLs\AmadeusWS\AmadeusWS_TimeDiffRQ.xsl = XSLs\AmadeusWS\AmadeusWS_TimeDiffRQ.xsl
		XSLs\AmadeusWS\AmadeusWS_TimeDiffRS.xsl = XSLs\AmadeusWS\AmadeusWS_TimeDiffRS.xsl
		XSLs\AmadeusWS\AmadeusWS_TransferOwnershipRQ.xsl = XSLs\AmadeusWS\AmadeusWS_TransferOwnershipRQ.xsl
		XSLs\AmadeusWS\AmadeusWS_TransferOwnershipRS.xsl = XSLs\AmadeusWS\AmadeusWS_TransferOwnershipRS.xsl
		XSLs\AmadeusWS\AmadeusWS_TravelBuildRQ.xsl = XSLs\AmadeusWS\AmadeusWS_TravelBuildRQ.xsl
		XSLs\AmadeusWS\AmadeusWS_UpdateDeleteRQ.xsl = XSLs\AmadeusWS\AmadeusWS_UpdateDeleteRQ.xsl
		XSLs\AmadeusWS\AmadeusWS_UpdateInsertRQ.xsl = XSLs\AmadeusWS\AmadeusWS_UpdateInsertRQ.xsl
		XSLs\AmadeusWS\AmadeusWS_UpdateModifyRQ.xsl = XSLs\AmadeusWS\AmadeusWS_UpdateModifyRQ.xsl
		XSLs\AmadeusWS\AmadeusWS_VoidTicketRQ.xsl = XSLs\AmadeusWS\AmadeusWS_VoidTicketRQ.xsl
		XSLs\AmadeusWS\FailedBookingsList.xls = XSLs\AmadeusWS\FailedBookingsList.xls
		XSLs\AmadeusWS\FlightBlackList.xml = XSLs\AmadeusWS\FlightBlackList.xml
		XSLs\AmadeusWS\RPH_AirAvailRS.xsl = XSLs\AmadeusWS\RPH_AirAvailRS.xsl
		XSLs\AmadeusWS\SellIssuesRQ.xsl = XSLs\AmadeusWS\SellIssuesRQ.xsl
		XSLs\AmadeusWS\SingleXSL.bat = XSLs\AmadeusWS\SingleXSL.bat
		XSLs\AmadeusWS\v02_AmadeusWS_HotelAvailRQ.xsl = XSLs\AmadeusWS\v02_AmadeusWS_HotelAvailRQ.xsl
		XSLs\AmadeusWS\v02_AmadeusWS_HotelAvailRS.xsl = XSLs\AmadeusWS\v02_AmadeusWS_HotelAvailRS.xsl
		XSLs\AmadeusWS\v02_AmadeusWS_HotelInfo1RQ.xsl = XSLs\AmadeusWS\v02_AmadeusWS_HotelInfo1RQ.xsl
		XSLs\AmadeusWS\v03_AmadeusWS_AirAvailRPHRS.xsl = XSLs\AmadeusWS\v03_AmadeusWS_AirAvailRPHRS.xsl
		XSLs\AmadeusWS\v03_AmadeusWS_AirAvailRQ.xsl = XSLs\AmadeusWS\v03_AmadeusWS_AirAvailRQ.xsl
		XSLs\AmadeusWS\v03_AmadeusWS_AirAvailRQ1.xsl = XSLs\AmadeusWS\v03_AmadeusWS_AirAvailRQ1.xsl
		XSLs\AmadeusWS\v03_AmadeusWS_AirAvailRS.xsl = XSLs\AmadeusWS\v03_AmadeusWS_AirAvailRS.xsl
		XSLs\AmadeusWS\v03_AmadeusWS_AirPriceRQ.xsl = XSLs\AmadeusWS\v03_AmadeusWS_AirPriceRQ.xsl
		XSLs\AmadeusWS\v03_AmadeusWS_AirPriceRS.xsl = XSLs\AmadeusWS\v03_AmadeusWS_AirPriceRS.xsl
		XSLs\AmadeusWS\v03_AmadeusWS_AirRulesRQ.xsl = XSLs\AmadeusWS\v03_AmadeusWS_AirRulesRQ.xsl
		XSLs\AmadeusWS\v03_AmadeusWS_AirRulesRS.xsl = XSLs\AmadeusWS\v03_AmadeusWS_AirRulesRS.xsl
		XSLs\AmadeusWS\v03_AmadeusWS_DisplayTicketRQ.xsl = XSLs\AmadeusWS\v03_AmadeusWS_DisplayTicketRQ.xsl
		XSLs\AmadeusWS\v03_AmadeusWS_LowFarePlus1RS.xsl = XSLs\AmadeusWS\v03_AmadeusWS_LowFarePlus1RS.xsl
		XSLs\AmadeusWS\v03_AmadeusWS_LowFarePlus2RS.xsl = XSLs\AmadeusWS\v03_AmadeusWS_LowFarePlus2RS.xsl
		XSLs\AmadeusWS\v03_AmadeusWS_LowFarePlusRQ.xsl = XSLs\AmadeusWS\v03_AmadeusWS_LowFarePlusRQ.xsl
		XSLs\AmadeusWS\v03_AmadeusWS_PNRReadRQ.xsl = XSLs\AmadeusWS\v03_AmadeusWS_PNRReadRQ.xsl
		XSLs\AmadeusWS\v03_AmadeusWS_PNRReadRS.xsl = XSLs\AmadeusWS\v03_AmadeusWS_PNRReadRS.xsl
		XSLs\AmadeusWS\v03_AmadeusWS_SalesReportRQ.xsl = XSLs\AmadeusWS\v03_AmadeusWS_SalesReportRQ.xsl
		XSLs\AmadeusWS\v03_AmadeusWS_SalesReportRS.xsl = XSLs\AmadeusWS\v03_AmadeusWS_SalesReportRS.xsl
		XSLs\AmadeusWS\v03_AmadeusWS_StoredFareBuildRQ.xsl = XSLs\AmadeusWS\v03_AmadeusWS_StoredFareBuildRQ.xsl
		XSLs\AmadeusWS\v03_AmadeusWS_StoredFareBuildRS.xsl = XSLs\AmadeusWS\v03_AmadeusWS_StoredFareBuildRS.xsl
		XSLs\AmadeusWS\v03_AmadeusWS_TB_Errors.xsl = XSLs\AmadeusWS\v03_AmadeusWS_TB_Errors.xsl
		XSLs\AmadeusWS\v03_AmadeusWS_TravelBuildRQ.xsl = XSLs\AmadeusWS\v03_AmadeusWS_TravelBuildRQ.xsl
		XSLs\AmadeusWS\v04_AmadeusWS_PNRReadRQ.xsl = XSLs\AmadeusWS\v04_AmadeusWS_PNRReadRQ.xsl
		XSLs\AmadeusWS\v04_AmadeusWS_PNRReadRS.xsl = XSLs\AmadeusWS\v04_AmadeusWS_PNRReadRS.xsl
		XSLs\AmadeusWS\v04_AmadeusWS_QueueReadRQ.xsl = XSLs\AmadeusWS\v04_AmadeusWS_QueueReadRQ.xsl
		XSLs\AmadeusWS\v04_AmadeusWS_TB_Errors.xsl = XSLs\AmadeusWS\v04_AmadeusWS_TB_Errors.xsl
		XSLs\AmadeusWS\v04_AmadeusWS_TravelBuildRQ.xsl = XSLs\AmadeusWS\v04_AmadeusWS_TravelBuildRQ.xsl
		XSLs\AmadeusWS\v05_AmadeusWS_PNRReadRQ.xsl = XSLs\AmadeusWS\v05_AmadeusWS_PNRReadRQ.xsl
		XSLs\AmadeusWS\v05_AmadeusWS_PNRReadRS.xsl = XSLs\AmadeusWS\v05_AmadeusWS_PNRReadRS.xsl
	EndProjectSection
EndProject
Project("{2150E333-8FDC-42A3-9474-1A3956D46DE8}") = "Galileo", "Galileo", "{620EED9C-74F3-42EE-9A07-F3F78CA3AB12}"
	ProjectSection(SolutionItems) = preProject
		XSLs\Galileo\Galileo.bat = XSLs\Galileo\Galileo.bat
		XSLs\Galileo\Galileo_AirAvailRQ.xsl = XSLs\Galileo\Galileo_AirAvailRQ.xsl
		XSLs\Galileo\Galileo_AirAvailRS.xsl = XSLs\Galileo\Galileo_AirAvailRS.xsl
		XSLs\Galileo\Galileo_AirFlifoRQ.xsl = XSLs\Galileo\Galileo_AirFlifoRQ.xsl
		XSLs\Galileo\Galileo_AirFlifoRS.xsl = XSLs\Galileo\Galileo_AirFlifoRS.xsl
		XSLs\Galileo\Galileo_AirPriceRQ.xsl = XSLs\Galileo\Galileo_AirPriceRQ.xsl
		XSLs\Galileo\Galileo_AirPriceRS.xsl = XSLs\Galileo\Galileo_AirPriceRS.xsl
		XSLs\Galileo\Galileo_AirRulesRQ.xsl = XSLs\Galileo\Galileo_AirRulesRQ.xsl
		XSLs\Galileo\Galileo_AirRulesRS.xsl = XSLs\Galileo\Galileo_AirRulesRS.xsl
		XSLs\Galileo\Galileo_AirSeatMapRQ.xsl = XSLs\Galileo\Galileo_AirSeatMapRQ.xsl
		XSLs\Galileo\Galileo_AirSeatMapRS.xsl = XSLs\Galileo\Galileo_AirSeatMapRS.xsl
		XSLs\Galileo\Galileo_CarAvailRQ.xsl = XSLs\Galileo\Galileo_CarAvailRQ.xsl
		XSLs\Galileo\Galileo_CarAvailRS.xsl = XSLs\Galileo\Galileo_CarAvailRS.xsl
		XSLs\Galileo\Galileo_CarInfoRQ.xsl = XSLs\Galileo\Galileo_CarInfoRQ.xsl
		XSLs\Galileo\Galileo_CarInfoRS.xsl = XSLs\Galileo\Galileo_CarInfoRS.xsl
		XSLs\Galileo\Galileo_CCValidRQ.xsl = XSLs\Galileo\Galileo_CCValidRQ.xsl
		XSLs\Galileo\Galileo_CCValidRS.xsl = XSLs\Galileo\Galileo_CCValidRS.xsl
		XSLs\Galileo\Galileo_CrypticRQ.xsl = XSLs\Galileo\Galileo_CrypticRQ.xsl
		XSLs\Galileo\Galileo_CrypticRS.xsl = XSLs\Galileo\Galileo_CrypticRS.xsl
		XSLs\Galileo\Galileo_CurConvRQ.xsl = XSLs\Galileo\Galileo_CurConvRQ.xsl
		XSLs\Galileo\Galileo_CurConvRS.xsl = XSLs\Galileo\Galileo_CurConvRS.xsl
		XSLs\Galileo\Galileo_ETicketVerifyRQ.xsl = XSLs\Galileo\Galileo_ETicketVerifyRQ.xsl
		XSLs\Galileo\Galileo_ETicketVerifyRS.xsl = XSLs\Galileo\Galileo_ETicketVerifyRS.xsl
		XSLs\Galileo\Galileo_FareDisplayRQ.xsl = XSLs\Galileo\Galileo_FareDisplayRQ.xsl
		XSLs\Galileo\Galileo_FareDisplayRS.xsl = XSLs\Galileo\Galileo_FareDisplayRS.xsl
		XSLs\Galileo\Galileo_HotelAvail_ImagesRS.xsl = XSLs\Galileo\Galileo_HotelAvail_ImagesRS.xsl
		XSLs\Galileo\Galileo_HotelAvailRQ.xsl = XSLs\Galileo\Galileo_HotelAvailRQ.xsl
		XSLs\Galileo\Galileo_HotelAvailRS.xsl = XSLs\Galileo\Galileo_HotelAvailRS.xsl
		XSLs\Galileo\Galileo_HotelInfoRQ.xsl = XSLs\Galileo\Galileo_HotelInfoRQ.xsl
		XSLs\Galileo\Galileo_HotelInfoRS.xsl = XSLs\Galileo\Galileo_HotelInfoRS.xsl
		XSLs\Galileo\Galileo_HotelSearchRQ.xsl = XSLs\Galileo\Galileo_HotelSearchRQ.xsl
		XSLs\Galileo\Galileo_HotelSearchRS.xsl = XSLs\Galileo\Galileo_HotelSearchRS.xsl
		XSLs\Galileo\Galileo_IssueTicketRQ.xsl = XSLs\Galileo\Galileo_IssueTicketRQ.xsl
		XSLs\Galileo\Galileo_IssueTicketRS.xsl = XSLs\Galileo\Galileo_IssueTicketRS.xsl
		XSLs\Galileo\Galileo_LowFarePlusRQ.xsl = XSLs\Galileo\Galileo_LowFarePlusRQ.xsl
		XSLs\Galileo\Galileo_LowFarePlusRQ.xsl.bkp = XSLs\Galileo\Galileo_LowFarePlusRQ.xsl.bkp
		XSLs\Galileo\Galileo_LowFarePlusRQ1.xsl = XSLs\Galileo\Galileo_LowFarePlusRQ1.xsl
		XSLs\Galileo\Galileo_LowFarePlusRS.xsl = XSLs\Galileo\Galileo_LowFarePlusRS.xsl
		XSLs\Galileo\Galileo_LowFarePlusRS.xsl.bkp = XSLs\Galileo\Galileo_LowFarePlusRS.xsl.bkp
		XSLs\Galileo\Galileo_LowFarePlusRS1.xsl = XSLs\Galileo\Galileo_LowFarePlusRS1.xsl
		XSLs\Galileo\Galileo_LowFarePlusRS2.xsl = XSLs\Galileo\Galileo_LowFarePlusRS2.xsl
		XSLs\Galileo\Galileo_LowFarePlusRS3.xsl = XSLs\Galileo\Galileo_LowFarePlusRS3.xsl
		XSLs\Galileo\Galileo_LowFareRQ.xsl = XSLs\Galileo\Galileo_LowFareRQ.xsl
		XSLs\Galileo\Galileo_LowFareRS.xsl = XSLs\Galileo\Galileo_LowFareRS.xsl
		XSLs\Galileo\Galileo_LowFareScheduleRQ.xsl = XSLs\Galileo\Galileo_LowFareScheduleRQ.xsl
		XSLs\Galileo\Galileo_PNRCancelRQ.xsl = XSLs\Galileo\Galileo_PNRCancelRQ.xsl
		XSLs\Galileo\Galileo_PNRCancelRS.xsl = XSLs\Galileo\Galileo_PNRCancelRS.xsl
		XSLs\Galileo\Galileo_PNRReadRQ.xsl = XSLs\Galileo\Galileo_PNRReadRQ.xsl
		XSLs\Galileo\Galileo_PNRReadRS.xsl = XSLs\Galileo\Galileo_PNRReadRS.xsl
		XSLs\Galileo\Galileo_PNRRePriceRQ.xsl = XSLs\Galileo\Galileo_PNRRePriceRQ.xsl
		XSLs\Galileo\Galileo_PNRRepriceRS.xsl = XSLs\Galileo\Galileo_PNRRepriceRS.xsl
		XSLs\Galileo\Galileo_ProfileCreateRQ.xsl = XSLs\Galileo\Galileo_ProfileCreateRQ.xsl
		XSLs\Galileo\Galileo_ProfileReadRQ.xsl = XSLs\Galileo\Galileo_ProfileReadRQ.xsl
		XSLs\Galileo\Galileo_ProfileReadRS.xsl = XSLs\Galileo\Galileo_ProfileReadRS.xsl
		XSLs\Galileo\Galileo_QueueReadRQ.xsl = XSLs\Galileo\Galileo_QueueReadRQ.xsl
		XSLs\Galileo\Galileo_QueueRQ.xsl = XSLs\Galileo\Galileo_QueueRQ.xsl
		XSLs\Galileo\Galileo_QueueRS.xsl = XSLs\Galileo\Galileo_QueueRS.xsl
		XSLs\Galileo\Galileo_ShowMileageRQ.xsl = XSLs\Galileo\Galileo_ShowMileageRQ.xsl
		XSLs\Galileo\Galileo_ShowMileageRS.xsl = XSLs\Galileo\Galileo_ShowMileageRS.xsl
		XSLs\Galileo\Galileo_TB_Errors.xsl = XSLs\Galileo\Galileo_TB_Errors.xsl
		XSLs\Galileo\Galileo_TBErrors.xsl = XSLs\Galileo\Galileo_TBErrors.xsl
		XSLs\Galileo\Galileo_TimeDiffRQ.xsl = XSLs\Galileo\Galileo_TimeDiffRQ.xsl
		XSLs\Galileo\Galileo_TimeDiffRS.xsl = XSLs\Galileo\Galileo_TimeDiffRS.xsl
		XSLs\Galileo\Galileo_TravelBuild1RQ.xsl = XSLs\Galileo\Galileo_TravelBuild1RQ.xsl
		XSLs\Galileo\Galileo_TravelBuild2RQ.xsl = XSLs\Galileo\Galileo_TravelBuild2RQ.xsl
		XSLs\Galileo\Galileo_TravelBuild_Reorder.xsl = XSLs\Galileo\Galileo_TravelBuild_Reorder.xsl
		XSLs\Galileo\Galileo_TravelBuildRQ.xsl = XSLs\Galileo\Galileo_TravelBuildRQ.xsl
		XSLs\Galileo\Galileo_TravelItineraryRS.xsl = XSLs\Galileo\Galileo_TravelItineraryRS.xsl
		XSLs\Galileo\Galileo_TravelModifyRQ.xsl = XSLs\Galileo\Galileo_TravelModifyRQ.xsl
		XSLs\Galileo\Galileo_UpdateInsertRQ.xsl = XSLs\Galileo\Galileo_UpdateInsertRQ.xsl
		XSLs\Galileo\Galileo_VoidTicketRQ.xsl = XSLs\Galileo\Galileo_VoidTicketRQ.xsl
		XSLs\Galileo\SingleXSL.bat = XSLs\Galileo\SingleXSL.bat
		XSLs\Galileo\v03_Galileo_IssueTicketRQ.xsl = XSLs\Galileo\v03_Galileo_IssueTicketRQ.xsl
		XSLs\Galileo\v03_Galileo_IssueTicketRS.xsl = XSLs\Galileo\v03_Galileo_IssueTicketRS.xsl
		XSLs\Galileo\v03_Galileo_LowFarePlusRQ.xsl = XSLs\Galileo\v03_Galileo_LowFarePlusRQ.xsl
		XSLs\Galileo\v03_Galileo_LowFarePlusRQ1.xsl = XSLs\Galileo\v03_Galileo_LowFarePlusRQ1.xsl
		XSLs\Galileo\v03_Galileo_LowFarePlusRS.xsl = XSLs\Galileo\v03_Galileo_LowFarePlusRS.xsl
		XSLs\Galileo\v03_Galileo_LowFarePlusRS1.xsl = XSLs\Galileo\v03_Galileo_LowFarePlusRS1.xsl
		XSLs\Galileo\v03_Galileo_LowFarePlusRS2.xsl = XSLs\Galileo\v03_Galileo_LowFarePlusRS2.xsl
		XSLs\Galileo\v03_Galileo_LowFarePlusRS3.xsl = XSLs\Galileo\v03_Galileo_LowFarePlusRS3.xsl
		XSLs\Galileo\v03_Galileo_PNRReadRQ.xsl = XSLs\Galileo\v03_Galileo_PNRReadRQ.xsl
		XSLs\Galileo\v03_Galileo_PNRReadRS.xsl = XSLs\Galileo\v03_Galileo_PNRReadRS.xsl
		XSLs\Galileo\v03_Galileo_TB_Errors.xsl = XSLs\Galileo\v03_Galileo_TB_Errors.xsl
		XSLs\Galileo\v03_Galileo_TravelBuildRQ.xsl = XSLs\Galileo\v03_Galileo_TravelBuildRQ.xsl
		XSLs\Galileo\v04_Galileo_PNRReadRQ.xsl = XSLs\Galileo\v04_Galileo_PNRReadRQ.xsl
		XSLs\Galileo\v04_Galileo_PNRReadRS.xsl = XSLs\Galileo\v04_Galileo_PNRReadRS.xsl
		XSLs\Galileo\v04_Galileo_TB_Errors.xsl = XSLs\Galileo\v04_Galileo_TB_Errors.xsl
		XSLs\Galileo\v04_Galileo_TravelBuildRQ.xsl = XSLs\Galileo\v04_Galileo_TravelBuildRQ.xsl
	EndProjectSection
EndProject
Project("{2150E333-8FDC-42A3-9474-1A3956D46DE8}") = "Sabre", "Sabre", "{E55BA14C-6AB1-4F32-998D-08F864AF4BC9}"
	ProjectSection(SolutionItems) = preProject
		XSLs\Sabre\Sabre.bat = XSLs\Sabre\Sabre.bat
		XSLs\Sabre\Sabre_AirAvailRQ.xsl = XSLs\Sabre\Sabre_AirAvailRQ.xsl
		XSLs\Sabre\Sabre_AirAvailRS.xsl = XSLs\Sabre\Sabre_AirAvailRS.xsl
		XSLs\Sabre\Sabre_AirFlifoRQ.xsl = XSLs\Sabre\Sabre_AirFlifoRQ.xsl
		XSLs\Sabre\Sabre_AirFlifoRS.xsl = XSLs\Sabre\Sabre_AirFlifoRS.xsl
		XSLs\Sabre\Sabre_AirPriceRQ.xsl = XSLs\Sabre\Sabre_AirPriceRQ.xsl
		XSLs\Sabre\Sabre_AirPriceRS.xsl = XSLs\Sabre\Sabre_AirPriceRS.xsl
		XSLs\Sabre\Sabre_AirRulesRQ.xsl = XSLs\Sabre\Sabre_AirRulesRQ.xsl
		XSLs\Sabre\Sabre_AirRulesRS.xsl = XSLs\Sabre\Sabre_AirRulesRS.xsl
		XSLs\Sabre\Sabre_CarAvailRQ.xsl = XSLs\Sabre\Sabre_CarAvailRQ.xsl
		XSLs\Sabre\Sabre_CarAvailRS.xsl = XSLs\Sabre\Sabre_CarAvailRS.xsl
		XSLs\Sabre\Sabre_CarInfoRQ.xsl = XSLs\Sabre\Sabre_CarInfoRQ.xsl
		XSLs\Sabre\Sabre_CarInfoRS.xsl = XSLs\Sabre\Sabre_CarInfoRS.xsl
		XSLs\Sabre\Sabre_CCValidRQ.xsl = XSLs\Sabre\Sabre_CCValidRQ.xsl
		XSLs\Sabre\Sabre_CCValidRS.xsl = XSLs\Sabre\Sabre_CCValidRS.xsl
		XSLs\Sabre\Sabre_CrypticRQ.xsl = XSLs\Sabre\Sabre_CrypticRQ.xsl
		XSLs\Sabre\Sabre_CrypticRS.xsl = XSLs\Sabre\Sabre_CrypticRS.xsl
		XSLs\Sabre\Sabre_CurConvRQ.xsl = XSLs\Sabre\Sabre_CurConvRQ.xsl
		XSLs\Sabre\Sabre_CurConvRS.xsl = XSLs\Sabre\Sabre_CurConvRS.xsl
		XSLs\Sabre\Sabre_FareDisplayRQ.xsl = XSLs\Sabre\Sabre_FareDisplayRQ.xsl
		XSLs\Sabre\Sabre_FareDisplayRS.xsl = XSLs\Sabre\Sabre_FareDisplayRS.xsl
		XSLs\Sabre\Sabre_HotelAvailRQ.xsl = XSLs\Sabre\Sabre_HotelAvailRQ.xsl
		XSLs\Sabre\Sabre_HotelAvailRS.xsl = XSLs\Sabre\Sabre_HotelAvailRS.xsl
		XSLs\Sabre\Sabre_HotelInfoRQ.xsl = XSLs\Sabre\Sabre_HotelInfoRQ.xsl
		XSLs\Sabre\Sabre_HotelInfoRS.xsl = XSLs\Sabre\Sabre_HotelInfoRS.xsl
		XSLs\Sabre\Sabre_HotelSearchRQ.xsl = XSLs\Sabre\Sabre_HotelSearchRQ.xsl
		XSLs\Sabre\Sabre_HotelSearchRS.xsl = XSLs\Sabre\Sabre_HotelSearchRS.xsl
		XSLs\Sabre\Sabre_IssueTicketRQ.xsl = XSLs\Sabre\Sabre_IssueTicketRQ.xsl
		XSLs\Sabre\Sabre_IssueTicketRS.xsl = XSLs\Sabre\Sabre_IssueTicketRS.xsl
		XSLs\Sabre\Sabre_IssueTicketSessionedRQ.xsl = XSLs\Sabre\Sabre_IssueTicketSessionedRQ.xsl
		XSLs\Sabre\Sabre_LowFarePlusRQ.xsl = XSLs\Sabre\Sabre_LowFarePlusRQ.xsl
		XSLs\Sabre\Sabre_LowFarePlusRQ_Air.xsl = XSLs\Sabre\Sabre_LowFarePlusRQ_Air.xsl
		XSLs\Sabre\Sabre_LowFarePlusRQ_FS.xsl = XSLs\Sabre\Sabre_LowFarePlusRQ_FS.xsl
		XSLs\Sabre\Sabre_LowFarePlusRS.xsl = XSLs\Sabre\Sabre_LowFarePlusRS.xsl
		XSLs\Sabre\Sabre_LowFarePlusRS_FS.xsl = XSLs\Sabre\Sabre_LowFarePlusRS_FS.xsl
		XSLs\Sabre\Sabre_LowFareRQ.xsl = XSLs\Sabre\Sabre_LowFareRQ.xsl
		XSLs\Sabre\Sabre_LowFareRS.xsl = XSLs\Sabre\Sabre_LowFareRS.xsl
		XSLs\Sabre\Sabre_LowFareSchedule2RS.xsl = XSLs\Sabre\Sabre_LowFareSchedule2RS.xsl
		XSLs\Sabre\Sabre_LowFareScheduleRQ.xsl = XSLs\Sabre\Sabre_LowFareScheduleRQ.xsl
		XSLs\Sabre\Sabre_LowFareScheduleRS.xsl = XSLs\Sabre\Sabre_LowFareScheduleRS.xsl
		XSLs\Sabre\Sabre_PNRCancelRQ.xsl = XSLs\Sabre\Sabre_PNRCancelRQ.xsl
		XSLs\Sabre\Sabre_PNRCancelRS.xsl = XSLs\Sabre\Sabre_PNRCancelRS.xsl
		XSLs\Sabre\Sabre_PNRReadRQ.xsl = XSLs\Sabre\Sabre_PNRReadRQ.xsl
		XSLs\Sabre\Sabre_PNRReadRS.xsl = XSLs\Sabre\Sabre_PNRReadRS.xsl
		XSLs\Sabre\Sabre_PNRRepriceRQ.xsl = XSLs\Sabre\Sabre_PNRRepriceRQ.xsl
		XSLs\Sabre\Sabre_PNRRepriceRS.xsl = XSLs\Sabre\Sabre_PNRRepriceRS.xsl
		XSLs\Sabre\Sabre_QueueReadRQ.xsl = XSLs\Sabre\Sabre_QueueReadRQ.xsl
		XSLs\Sabre\Sabre_QueueRQ.xsl = XSLs\Sabre\Sabre_QueueRQ.xsl
		XSLs\Sabre\Sabre_QueueRS.xsl = XSLs\Sabre\Sabre_QueueRS.xsl
		XSLs\Sabre\Sabre_SalesReportRQ.xsl = XSLs\Sabre\Sabre_SalesReportRQ.xsl
		XSLs\Sabre\Sabre_SalesReportRS.xsl = XSLs\Sabre\Sabre_SalesReportRS.xsl
		XSLs\Sabre\Sabre_ShowMileageRQ.xsl = XSLs\Sabre\Sabre_ShowMileageRQ.xsl
		XSLs\Sabre\Sabre_ShowMileageRS.xsl = XSLs\Sabre\Sabre_ShowMileageRS.xsl
		XSLs\Sabre\Sabre_TB_Errors.xsl = XSLs\Sabre\Sabre_TB_Errors.xsl
		XSLs\Sabre\Sabre_TimeDiffRQ.xsl = XSLs\Sabre\Sabre_TimeDiffRQ.xsl
		XSLs\Sabre\Sabre_TimeDiffRS.xsl = XSLs\Sabre\Sabre_TimeDiffRS.xsl
		XSLs\Sabre\Sabre_TravelBuildRQ.xsl = XSLs\Sabre\Sabre_TravelBuildRQ.xsl
		XSLs\Sabre\Sabre_TravelItineraryRS.xsl = XSLs\Sabre\Sabre_TravelItineraryRS.xsl
		XSLs\Sabre\Sabre_UpdateInsertRQ.xsl = XSLs\Sabre\Sabre_UpdateInsertRQ.xsl
		XSLs\Sabre\SingleXSL.bat = XSLs\Sabre\SingleXSL.bat
		XSLs\Sabre\tempSabre.xsl = XSLs\Sabre\tempSabre.xsl
		XSLs\Sabre\v03_Sabre_AirPriceRQ.xsl = XSLs\Sabre\v03_Sabre_AirPriceRQ.xsl
		XSLs\Sabre\v03_Sabre_AirPriceRS.xsl = XSLs\Sabre\v03_Sabre_AirPriceRS.xsl
		XSLs\Sabre\v03_Sabre_LowFarePlusRQ.xsl = XSLs\Sabre\v03_Sabre_LowFarePlusRQ.xsl
		XSLs\Sabre\v03_Sabre_LowFarePlusRS.xsl = XSLs\Sabre\v03_Sabre_LowFarePlusRS.xsl
		XSLs\Sabre\v03_Sabre_PNRReadRQ.xsl = XSLs\Sabre\v03_Sabre_PNRReadRQ.xsl
		XSLs\Sabre\v03_Sabre_PNRReadRS.xsl = XSLs\Sabre\v03_Sabre_PNRReadRS.xsl
		XSLs\Sabre\v03_Sabre_TB_Errors.xsl = XSLs\Sabre\v03_Sabre_TB_Errors.xsl
		XSLs\Sabre\v03_Sabre_TravelBuildRQ.xsl = XSLs\Sabre\v03_Sabre_TravelBuildRQ.xsl
		XSLs\Sabre\v04_Sabre_PNRReadRQ.xsl = XSLs\Sabre\v04_Sabre_PNRReadRQ.xsl
		XSLs\Sabre\v04_Sabre_PNRReadRS.xsl = XSLs\Sabre\v04_Sabre_PNRReadRS.xsl
		XSLs\Sabre\v04_Sabre_TravelBuildRQ.xsl = XSLs\Sabre\v04_Sabre_TravelBuildRQ.xsl
		XSLs\Sabre\v04_tempSabre.xsl = XSLs\Sabre\v04_tempSabre.xsl
	EndProjectSection
EndProject
Project("{2150E333-8FDC-42A3-9474-1A3956D46DE8}") = "TravelPort", "TravelPort", "{A968C852-C25B-4983-B78C-8D15D667B629}"
	ProjectSection(SolutionItems) = preProject
		XSLs\Travelport\SingleXSL.bat = XSLs\Travelport\SingleXSL.bat
		XSLs\Travelport\Travelport.bat = XSLs\Travelport\Travelport.bat
		XSLs\Travelport\Travelport_CrypticRQ.xsl = XSLs\Travelport\Travelport_CrypticRQ.xsl
		XSLs\Travelport\Travelport_CrypticRS.xsl = XSLs\Travelport\Travelport_CrypticRS.xsl
		XSLs\Travelport\Travelport_PNRRepriceRQ.xsl = XSLs\Travelport\Travelport_PNRRepriceRQ.xsl
		XSLs\Travelport\Travelport_PNRRepriceRS.xsl = XSLs\Travelport\Travelport_PNRRepriceRS.xsl
		XSLs\Travelport\Travelport_QueueRQ.xsl = XSLs\Travelport\Travelport_QueueRQ.xsl
		XSLs\Travelport\Travelport_QueueRS.xsl = XSLs\Travelport\Travelport_QueueRS.xsl
		XSLs\Travelport\Travelport_UpdateInsertRQ.xsl = XSLs\Travelport\Travelport_UpdateInsertRQ.xsl
		XSLs\Travelport\v03_Travelport_PNRReadRQ.xsl = XSLs\Travelport\v03_Travelport_PNRReadRQ.xsl
		XSLs\Travelport\v03_Travelport_PNRReadRS.xsl = XSLs\Travelport\v03_Travelport_PNRReadRS.xsl
	EndProjectSection
EndProject
Project("{2150E333-8FDC-42A3-9474-1A3956D46DE8}") = "Worldspan", "Worldspan", "{8535EA8D-2A7F-4453-AD02-50624D22E4ED}"
	ProjectSection(SolutionItems) = preProject
		XSLs\Worldspan\SingleXSL.bat = XSLs\Worldspan\SingleXSL.bat
		XSLs\Worldspan\v03_Worldspan_LowFarePlusRQ.xsl = XSLs\Worldspan\v03_Worldspan_LowFarePlusRQ.xsl
		XSLs\Worldspan\v03_Worldspan_LowFarePlusRS.xsl = XSLs\Worldspan\v03_Worldspan_LowFarePlusRS.xsl
		XSLs\Worldspan\v03_Worldspan_PNRReadRQ.xsl = XSLs\Worldspan\v03_Worldspan_PNRReadRQ.xsl
		XSLs\Worldspan\v03_Worldspan_PNRReadRS.xsl = XSLs\Worldspan\v03_Worldspan_PNRReadRS.xsl
		XSLs\Worldspan\Worldspan.bat = XSLs\Worldspan\Worldspan.bat
		XSLs\Worldspan\Worldspan_AirPriceRQ.xsl = XSLs\Worldspan\Worldspan_AirPriceRQ.xsl
		XSLs\Worldspan\Worldspan_AirPriceRS.xsl = XSLs\Worldspan\Worldspan_AirPriceRS.xsl
		XSLs\Worldspan\Worldspan_AirRulesRQ.xsl = XSLs\Worldspan\Worldspan_AirRulesRQ.xsl
		XSLs\Worldspan\Worldspan_AirRulesRS.xsl = XSLs\Worldspan\Worldspan_AirRulesRS.xsl
		XSLs\Worldspan\Worldspan_AirSeatMapRQ.xsl = XSLs\Worldspan\Worldspan_AirSeatMapRQ.xsl
		XSLs\Worldspan\Worldspan_AirSeatMapRS.xsl = XSLs\Worldspan\Worldspan_AirSeatMapRS.xsl
		XSLs\Worldspan\Worldspan_AuthorizationRQ.xsl = XSLs\Worldspan\Worldspan_AuthorizationRQ.xsl
		XSLs\Worldspan\Worldspan_AuthorizationRS.xsl = XSLs\Worldspan\Worldspan_AuthorizationRS.xsl
		XSLs\Worldspan\Worldspan_CrypticRQ.xsl = XSLs\Worldspan\Worldspan_CrypticRQ.xsl
		XSLs\Worldspan\Worldspan_CrypticRS.xsl = XSLs\Worldspan\Worldspan_CrypticRS.xsl
		XSLs\Worldspan\Worldspan_FareDisplayRQ.xsl = XSLs\Worldspan\Worldspan_FareDisplayRQ.xsl
		XSLs\Worldspan\Worldspan_FareDisplayRS.xsl = XSLs\Worldspan\Worldspan_FareDisplayRS.xsl
		XSLs\Worldspan\worldspan_faultstring.xsl = XSLs\Worldspan\worldspan_faultstring.xsl
		XSLs\Worldspan\Worldspan_IssueTicketSessionedRQ.xsl = XSLs\Worldspan\Worldspan_IssueTicketSessionedRQ.xsl
		XSLs\Worldspan\Worldspan_IssueTicketSessionedRS.xsl = XSLs\Worldspan\Worldspan_IssueTicketSessionedRS.xsl
		XSLs\Worldspan\Worldspan_LowFarePlusRQ.xsl = XSLs\Worldspan\Worldspan_LowFarePlusRQ.xsl
		XSLs\Worldspan\Worldspan_LowFarePlusRS.xsl = XSLs\Worldspan\Worldspan_LowFarePlusRS.xsl
		XSLs\Worldspan\Worldspan_LowFareRQ.xsl = XSLs\Worldspan\Worldspan_LowFareRQ.xsl
		XSLs\Worldspan\Worldspan_LowFareRS.xsl = XSLs\Worldspan\Worldspan_LowFareRS.xsl
		XSLs\Worldspan\Worldspan_PNRCancelRQ.xsl = XSLs\Worldspan\Worldspan_PNRCancelRQ.xsl
		XSLs\Worldspan\Worldspan_PNRCancelRS.xsl = XSLs\Worldspan\Worldspan_PNRCancelRS.xsl
		XSLs\Worldspan\Worldspan_PNRReadRQ.xsl = XSLs\Worldspan\Worldspan_PNRReadRQ.xsl
		XSLs\Worldspan\Worldspan_PNRReadRS.xsl = XSLs\Worldspan\Worldspan_PNRReadRS.xsl
		XSLs\Worldspan\Worldspan_PNRRepriceRQ.xsl = XSLs\Worldspan\Worldspan_PNRRepriceRQ.xsl
		XSLs\Worldspan\Worldspan_PNRRepriceRS.xsl = XSLs\Worldspan\Worldspan_PNRRepriceRS.xsl
		XSLs\Worldspan\Worldspan_QueueRQ.xsl = XSLs\Worldspan\Worldspan_QueueRQ.xsl
		XSLs\Worldspan\Worldspan_QueueRS.xsl = XSLs\Worldspan\Worldspan_QueueRS.xsl
		XSLs\Worldspan\Worldspan_TravelBuildRQ.xsl = XSLs\Worldspan\Worldspan_TravelBuildRQ.xsl
		XSLs\Worldspan\Worldspan_UpdateDeleteRQ.xsl = XSLs\Worldspan\Worldspan_UpdateDeleteRQ.xsl
		XSLs\Worldspan\Worldspan_UpdateInsertRQ.xsl = XSLs\Worldspan\Worldspan_UpdateInsertRQ.xsl
	EndProjectSection
EndProject
Project("{2150E333-8FDC-42A3-9474-1A3956D46DE8}") = "Aggregation", "Aggregation", "{224D2ECE-ED51-48BD-909C-E6689CDC3000}"
	ProjectSection(SolutionItems) = preProject
		Aggregation\Aggregation.bat = Aggregation\Aggregation.bat
		Aggregation\Aggregation_AirAvailRS.xsl = Aggregation\Aggregation_AirAvailRS.xsl
		Aggregation\Aggregation_CarAvailRS.xsl = Aggregation\Aggregation_CarAvailRS.xsl
		Aggregation\Aggregation_HotelAvailRS.xsl = Aggregation\Aggregation_HotelAvailRS.xsl
		Aggregation\Aggregation_LowFareRS.xsl = Aggregation\Aggregation_LowFareRS.xsl
		Aggregation\Markups_LowFareRS.xsl = Aggregation\Markups_LowFareRS.xsl
	EndProjectSection
EndProject
Project("{2150E333-8FDC-42A3-9474-1A3956D46DE8}") = "BL", "BL", "{624A027F-3F6D-4766-9682-867AF5850E56}"
	ProjectSection(SolutionItems) = preProject
		BL\BL.bat = BL\BL.bat
		BL\BL_LowFareNoCountryRS.xsl = BL\BL_LowFareNoCountryRS.xsl
		BL\BL_LowFareNoFareTypeRS.xsl = BL\BL_LowFareNoFareTypeRS.xsl
		BL\BL_LowFareNoMixRS.xsl = BL\BL_LowFareNoMixRS.xsl
		BL\BL_LowFareNoTktRS.xsl = BL\BL_LowFareNoTktRS.xsl
		BL\BL_LowFareRQ.xsl = BL\BL_LowFareRQ.xsl
		BL\BL_LowFareRS.xsl = BL\BL_LowFareRS.xsl
	EndProjectSection
EndProject
Global
	GlobalSection(SolutionConfigurationPlatforms) = preSolution
		Debug|Any CPU = Debug|Any CPU
		Release|Any CPU = Release|Any CPU
	EndGlobalSection
	GlobalSection(ProjectConfigurationPlatforms) = postSolution
		{B362F5BF-5F86-4997-9EF4-067C8E3DB74E}.Debug|Any CPU.ActiveCfg = Debug|Any CPU
		{B362F5BF-5F86-4997-9EF4-067C8E3DB74E}.Debug|Any CPU.Build.0 = Debug|Any CPU
		{B362F5BF-5F86-4997-9EF4-067C8E3DB74E}.Release|Any CPU.ActiveCfg = Release|Any CPU
		{B362F5BF-5F86-4997-9EF4-067C8E3DB74E}.Release|Any CPU.Build.0 = Release|Any CPU
		{4DEF104C-48CF-45F9-8112-7045E77E22F0}.Debug|Any CPU.ActiveCfg = Debug|Any CPU
		{4DEF104C-48CF-45F9-8112-7045E77E22F0}.Debug|Any CPU.Build.0 = Debug|Any CPU
		{4DEF104C-48CF-45F9-8112-7045E77E22F0}.Release|Any CPU.ActiveCfg = Release|Any CPU
		{4DEF104C-48CF-45F9-8112-7045E77E22F0}.Release|Any CPU.Build.0 = Release|Any CPU
		{DEB7AA8C-6EFF-4085-AF1C-55DFC4A13083}.Debug|Any CPU.ActiveCfg = Debug|Any CPU
		{DEB7AA8C-6EFF-4085-AF1C-55DFC4A13083}.Debug|Any CPU.Build.0 = Debug|Any CPU
		{DEB7AA8C-6EFF-4085-AF1C-55DFC4A13083}.Release|Any CPU.ActiveCfg = Release|Any CPU
		{DEB7AA8C-6EFF-4085-AF1C-55DFC4A13083}.Release|Any CPU.Build.0 = Release|Any CPU
		{E7D7BBB7-E6F5-04BF-3E34-F99A5351E8E1}.Debug|Any CPU.ActiveCfg = Debug|Any CPU
		{E7D7BBB7-E6F5-04BF-3E34-F99A5351E8E1}.Debug|Any CPU.Build.0 = Debug|Any CPU
		{E7D7BBB7-E6F5-04BF-3E34-F99A5351E8E1}.Release|Any CPU.ActiveCfg = Release|Any CPU
		{E7D7BBB7-E6F5-04BF-3E34-F99A5351E8E1}.Release|Any CPU.Build.0 = Release|Any CPU
		{E7280D0F-FDEF-0ECA-020A-4183F59428C1}.Debug|Any CPU.ActiveCfg = Debug|Any CPU
		{E7280D0F-FDEF-0ECA-020A-4183F59428C1}.Debug|Any CPU.Build.0 = Debug|Any CPU
		{E7280D0F-FDEF-0ECA-020A-4183F59428C1}.Release|Any CPU.ActiveCfg = Release|Any CPU
		{E7280D0F-FDEF-0ECA-020A-4183F59428C1}.Release|Any CPU.Build.0 = Release|Any CPU
		{0C66B5E2-1E92-471A-A5FB-C83C241E4CE4}.Debug|Any CPU.ActiveCfg = Debug|Any CPU
		{0C66B5E2-1E92-471A-A5FB-C83C241E4CE4}.Debug|Any CPU.Build.0 = Debug|Any CPU
		{0C66B5E2-1E92-471A-A5FB-C83C241E4CE4}.Release|Any CPU.ActiveCfg = Release|Any CPU
		{0C66B5E2-1E92-471A-A5FB-C83C241E4CE4}.Release|Any CPU.Build.0 = Release|Any CPU
		{68166A57-F20D-4620-A7EF-E65F2326ED7F}.Debug|Any CPU.ActiveCfg = Debug|Any CPU
		{68166A57-F20D-4620-A7EF-E65F2326ED7F}.Debug|Any CPU.Build.0 = Debug|Any CPU
		{68166A57-F20D-4620-A7EF-E65F2326ED7F}.Release|Any CPU.ActiveCfg = Release|Any CPU
		{68166A57-F20D-4620-A7EF-E65F2326ED7F}.Release|Any CPU.Build.0 = Release|Any CPU
		{08B45E83-8921-0869-3FB1-53ED81167882}.Debug|Any CPU.ActiveCfg = Debug|Any CPU
		{08B45E83-8921-0869-3FB1-53ED81167882}.Debug|Any CPU.Build.0 = Debug|Any CPU
		{08B45E83-8921-0869-3FB1-53ED81167882}.Release|Any CPU.ActiveCfg = Release|Any CPU
		{08B45E83-8921-0869-3FB1-53ED81167882}.Release|Any CPU.Build.0 = Release|Any CPU
		{C9D99008-6B09-0FB3-2941-AC1BB23825FA}.Debug|Any CPU.ActiveCfg = Debug|Any CPU
		{C9D99008-6B09-0FB3-2941-AC1BB23825FA}.Debug|Any CPU.Build.0 = Debug|Any CPU
		{C9D99008-6B09-0FB3-2941-AC1BB23825FA}.Release|Any CPU.ActiveCfg = Release|Any CPU
		{C9D99008-6B09-0FB3-2941-AC1BB23825FA}.Release|Any CPU.Build.0 = Release|Any CPU
	EndGlobalSection
	GlobalSection(SolutionProperties) = preSolution
		HideSolutionNode = FALSE
	EndGlobalSection
	GlobalSection(NestedProjects) = preSolution
		{DEB7AA8C-6EFF-4085-AF1C-55DFC4A13083} = {936BCB63-12A8-4FDF-90F9-D0B72DEB54B0}
		{E7D7BBB7-E6F5-04BF-3E34-F99A5351E8E1} = {936BCB63-12A8-4FDF-90F9-D0B72DEB54B0}
		{E7280D0F-FDEF-0ECA-020A-4183F59428C1} = {936BCB63-12A8-4FDF-90F9-D0B72DEB54B0}
		{0C66B5E2-1E92-471A-A5FB-C83C241E4CE4} = {936BCB63-12A8-4FDF-90F9-D0B72DEB54B0}
		{08B45E83-8921-0869-3FB1-53ED81167882} = {936BCB63-12A8-4FDF-90F9-D0B72DEB54B0}
		{906B7BE8-045E-4D95-93E9-7D9DA9C744A1} = {021966A9-640B-4DB7-8516-A78BD974CE8B}
		{620EED9C-74F3-42EE-9A07-F3F78CA3AB12} = {021966A9-640B-4DB7-8516-A78BD974CE8B}
		{E55BA14C-6AB1-4F32-998D-08F864AF4BC9} = {021966A9-640B-4DB7-8516-A78BD974CE8B}
		{A968C852-C25B-4983-B78C-8D15D667B629} = {021966A9-640B-4DB7-8516-A78BD974CE8B}
		{8535EA8D-2A7F-4453-AD02-50624D22E4ED} = {021966A9-640B-4DB7-8516-A78BD974CE8B}
		{224D2ECE-ED51-48BD-909C-E6689CDC3000} = {021966A9-640B-4DB7-8516-A78BD974CE8B}
		{624A027F-3F6D-4766-9682-867AF5850E56} = {021966A9-640B-4DB7-8516-A78BD974CE8B}
	EndGlobalSection
	GlobalSection(ExtensibilityGlobals) = postSolution
		SolutionGuid = {5C751296-7BA4-4F2E-8FB4-743EB7435C77}
	EndGlobalSection
EndGlobal
