
Microsoft Visual Studio Solution File, Format Version 12.00
# Visual Studio Version 17
VisualStudioVersion = 17.0.32126.317
MinimumVisualStudioVersion = 10.0.40219.1
Project("{9A19103F-16F7-4668-BE54-9A1E7A4F7556}") = "VirtualCreditCard", "VirtualCreditCard.csproj", "{0C4D5240-B78A-4669-9F6E-8054B332D1FE}"
EndProject
Project("{9A19103F-16F7-4668-BE54-9A1E7A4F7556}") = "VirtualCreditCard.ConnexPayIntegration", "VirtualCreditCard.ConnexPayIntegration\VirtualCreditCard.ConnexPayIntegration.csproj", "{4D6540CB-5345-4109-B252-C988BF211179}"
EndProject
Project("{9A19103F-16F7-4668-BE54-9A1E7A4F7556}") = "VirtualCreditCard.Shared", "VirtualCreditCard.Shared\VirtualCreditCard.Shared.csproj", "{657EFD4A-D94F-48D9-919F-65A05B54864F}"
EndProject
Project("{9A19103F-16F7-4668-BE54-9A1E7A4F7556}") = "VirtualCreditCard.Core", "VirtualCreditCard.Core\VirtualCreditCard.Core.csproj", "{EF6A9D0C-199E-43A1-93F2-8B29B56713B8}"
EndProject
Project("{9A19103F-16F7-4668-BE54-9A1E7A4F7556}") = "VirtualCreditCard.Infrastructure", "VirtualCreditCard.Infrastructure\VirtualCreditCard.Infrastructure.csproj", "{56FDB2BB-BCB0-446D-9CF3-EA9FED96D3C4}"
EndProject
Global
	GlobalSection(SolutionConfigurationPlatforms) = preSolution
		Debug|Any CPU = Debug|Any CPU
		Release|Any CPU = Release|Any CPU
	EndGlobalSection
	GlobalSection(ProjectConfigurationPlatforms) = postSolution
		{0C4D5240-B78A-4669-9F6E-8054B332D1FE}.Debug|Any CPU.ActiveCfg = Debug|Any CPU
		{0C4D5240-B78A-4669-9F6E-8054B332D1FE}.Debug|Any CPU.Build.0 = Debug|Any CPU
		{0C4D5240-B78A-4669-9F6E-8054B332D1FE}.Release|Any CPU.ActiveCfg = Release|Any CPU
		{0C4D5240-B78A-4669-9F6E-8054B332D1FE}.Release|Any CPU.Build.0 = Release|Any CPU
		{4D6540CB-5345-4109-B252-C988BF211179}.Debug|Any CPU.ActiveCfg = Debug|Any CPU
		{4D6540CB-5345-4109-B252-C988BF211179}.Debug|Any CPU.Build.0 = Debug|Any CPU
		{4D6540CB-5345-4109-B252-C988BF211179}.Release|Any CPU.ActiveCfg = Release|Any CPU
		{4D6540CB-5345-4109-B252-C988BF211179}.Release|Any CPU.Build.0 = Release|Any CPU
		{657EFD4A-D94F-48D9-919F-65A05B54864F}.Debug|Any CPU.ActiveCfg = Debug|Any CPU
		{657EFD4A-D94F-48D9-919F-65A05B54864F}.Debug|Any CPU.Build.0 = Debug|Any CPU
		{657EFD4A-D94F-48D9-919F-65A05B54864F}.Release|Any CPU.ActiveCfg = Release|Any CPU
		{657EFD4A-D94F-48D9-919F-65A05B54864F}.Release|Any CPU.Build.0 = Release|Any CPU
		{EF6A9D0C-199E-43A1-93F2-8B29B56713B8}.Debug|Any CPU.ActiveCfg = Debug|Any CPU
		{EF6A9D0C-199E-43A1-93F2-8B29B56713B8}.Debug|Any CPU.Build.0 = Debug|Any CPU
		{EF6A9D0C-199E-43A1-93F2-8B29B56713B8}.Release|Any CPU.ActiveCfg = Release|Any CPU
		{EF6A9D0C-199E-43A1-93F2-8B29B56713B8}.Release|Any CPU.Build.0 = Release|Any CPU
		{56FDB2BB-BCB0-446D-9CF3-EA9FED96D3C4}.Debug|Any CPU.ActiveCfg = Debug|Any CPU
		{56FDB2BB-BCB0-446D-9CF3-EA9FED96D3C4}.Debug|Any CPU.Build.0 = Debug|Any CPU
		{56FDB2BB-BCB0-446D-9CF3-EA9FED96D3C4}.Release|Any CPU.ActiveCfg = Release|Any CPU
		{56FDB2BB-BCB0-446D-9CF3-EA9FED96D3C4}.Release|Any CPU.Build.0 = Release|Any CPU
	EndGlobalSection
	GlobalSection(SolutionProperties) = preSolution
		HideSolutionNode = FALSE
	EndGlobalSection
	GlobalSection(ExtensibilityGlobals) = postSolution
		SolutionGuid = {E2670E1C-12DF-4FB4-A790-F698802FE675}
	EndGlobalSection
EndGlobal
